
Microsoft Visual Studio Solution File, Format Version 12.00
# Visual Studio 14
VisualStudioVersion = 14.0.25420.1
MinimumVisualStudioVersion = 10.0.40219.1
Project("{FAE04EC0-301F-11D3-BF4B-00C04F79EFBC}") = "Presentacion", "Presentacion\Presentacion.csproj", "{48EE74B8-8A65-4865-A5A2-AFF1277B2732}"
EndProject
Project("{FAE04EC0-301F-11D3-BF4B-00C04F79EFBC}") = "Entidades", "Entidades\Entidades.csproj", "{FCF0EA86-78CA-4075-9681-D85FE2A55AF3}"
EndProject
Project("{FAE04EC0-301F-11D3-BF4B-00C04F79EFBC}") = "Logica", "Logica\Logica.csproj", "{D947ACC3-E7B3-4824-BFC4-34594840D512}"
EndProject
Project("{FAE04EC0-301F-11D3-BF4B-00C04F79EFBC}") = "Datos", "Datos\Datos.csproj", "{4CF4DFE4-3828-410C-B833-088AC54D9F9A}"
EndProject
Project("{2150E333-8FDC-42A3-9474-1A3956D46DE8}") = "Solution Items", "Solution Items", "{7CDCCCDE-F7FA-464F-A6F9-7058F05D845A}"
	ProjectSection(SolutionItems) = preProject
		.gitignore = .gitignore
		README.md = README.md
	EndProjectSection
EndProject
Global
	GlobalSection(SolutionConfigurationPlatforms) = preSolution
		Debug|Any CPU = Debug|Any CPU
		Release|Any CPU = Release|Any CPU
	EndGlobalSection
	GlobalSection(ProjectConfigurationPlatforms) = postSolution
		{48EE74B8-8A65-4865-A5A2-AFF1277B2732}.Debug|Any CPU.ActiveCfg = Debug|Any CPU
		{48EE74B8-8A65-4865-A5A2-AFF1277B2732}.Debug|Any CPU.Build.0 = Debug|Any CPU
		{48EE74B8-8A65-4865-A5A2-AFF1277B2732}.Release|Any CPU.ActiveCfg = Release|Any CPU
		{48EE74B8-8A65-4865-A5A2-AFF1277B2732}.Release|Any CPU.Build.0 = Release|Any CPU
		{FCF0EA86-78CA-4075-9681-D85FE2A55AF3}.Debug|Any CPU.ActiveCfg = Debug|Any CPU
		{FCF0EA86-78CA-4075-9681-D85FE2A55AF3}.Debug|Any CPU.Build.0 = Debug|Any CPU
		{FCF0EA86-78CA-4075-9681-D85FE2A55AF3}.Release|Any CPU.ActiveCfg = Release|Any CPU
		{FCF0EA86-78CA-4075-9681-D85FE2A55AF3}.Release|Any CPU.Build.0 = Release|Any CPU
		{D947ACC3-E7B3-4824-BFC4-34594840D512}.Debug|Any CPU.ActiveCfg = Debug|Any CPU
		{D947ACC3-E7B3-4824-BFC4-34594840D512}.Debug|Any CPU.Build.0 = Debug|Any CPU
		{D947ACC3-E7B3-4824-BFC4-34594840D512}.Release|Any CPU.ActiveCfg = Release|Any CPU
		{D947ACC3-E7B3-4824-BFC4-34594840D512}.Release|Any CPU.Build.0 = Release|Any CPU
		{4CF4DFE4-3828-410C-B833-088AC54D9F9A}.Debug|Any CPU.ActiveCfg = Debug|Any CPU
		{4CF4DFE4-3828-410C-B833-088AC54D9F9A}.Debug|Any CPU.Build.0 = Debug|Any CPU
		{4CF4DFE4-3828-410C-B833-088AC54D9F9A}.Release|Any CPU.ActiveCfg = Release|Any CPU
		{4CF4DFE4-3828-410C-B833-088AC54D9F9A}.Release|Any CPU.Build.0 = Release|Any CPU
	EndGlobalSection
	GlobalSection(SolutionProperties) = preSolution
		HideSolutionNode = FALSE
	EndGlobalSection
EndGlobal
